
Microsoft Visual Studio Solution File, Format Version 12.00
# Visual Studio Version 17
VisualStudioVersion = 17.10.35122.118
MinimumVisualStudioVersion = 10.0.40219.1
Project("{FAE04EC0-301F-11D3-BF4B-00C04F79EFBC}") = "HabitTracker", "HabitTracker\HabitTracker.csproj", "{B90D64B3-1FFC-437B-8B1C-86F22A5A263C}"
EndProject
Global
	GlobalSection(SolutionConfigurationPlatforms) = preSolution
		Debug|Any CPU = Debug|Any CPU
		Release|Any CPU = Release|Any CPU
	EndGlobalSection
	GlobalSection(ProjectConfigurationPlatforms) = postSolution
		{B90D64B3-1FFC-437B-8B1C-86F22A5A263C}.Debug|Any CPU.ActiveCfg = Debug|Any CPU
		{B90D64B3-1FFC-437B-8B1C-86F22A5A263C}.Debug|Any CPU.Build.0 = Debug|Any CPU
		{B90D64B3-1FFC-437B-8B1C-86F22A5A263C}.Release|Any CPU.ActiveCfg = Release|Any CPU
		{B90D64B3-1FFC-437B-8B1C-86F22A5A263C}.Release|Any CPU.Build.0 = Release|Any CPU
	EndGlobalSection
	GlobalSection(SolutionProperties) = preSolution
		HideSolutionNode = FALSE
	EndGlobalSection
	GlobalSection(ExtensibilityGlobals) = postSolution
		SolutionGuid = {4055801F-4BA4-4513-8E37-5FA88AC9659E}
	EndGlobalSection
EndGlobal
